{
  "name": "grammar-sensei",
  "version": "0.0.1",
  "lockfileVersion": 1,
  "requires": true,
  "dependencies": {
    "jp_verb": {
      "version": "git+https://git@github.com/mistval/jp-verb-deconjugator.git#143175ff318d54a1782e7af1643bcb4ec43939d6",
      "from": "git+https://git@github.com/mistval/jp-verb-deconjugator.git"
    }
  }
}
